
Microsoft Visual Studio Solution File, Format Version 12.00
# Visual Studio Version 17
VisualStudioVersion = 17.9.34723.18
MinimumVisualStudioVersion = 10.0.40219.1
Project("{FAE04EC0-301F-11D3-BF4B-00C04F79EFBC}") = "ChangXingGe_QQBot", "ChangXingGe_QQBot\ChangXingGe_QQBot.csproj", "{A38C06DE-0134-4CA4-ABC8-6FB3E7A9DE19}"
EndProject
Global
	GlobalSection(SolutionConfigurationPlatforms) = preSolution
		Debug|Any CPU = Debug|Any CPU
		Release|Any CPU = Release|Any CPU
	EndGlobalSection
	GlobalSection(ProjectConfigurationPlatforms) = postSolution
		{A38C06DE-0134-4CA4-ABC8-6FB3E7A9DE19}.Debug|Any CPU.ActiveCfg = Debug|Any CPU
		{A38C06DE-0134-4CA4-ABC8-6FB3E7A9DE19}.Debug|Any CPU.Build.0 = Debug|Any CPU
		{A38C06DE-0134-4CA4-ABC8-6FB3E7A9DE19}.Release|Any CPU.ActiveCfg = Release|Any CPU
		{A38C06DE-0134-4CA4-ABC8-6FB3E7A9DE19}.Release|Any CPU.Build.0 = Release|Any CPU
	EndGlobalSection
	GlobalSection(SolutionProperties) = preSolution
		HideSolutionNode = FALSE
	EndGlobalSection
	GlobalSection(ExtensibilityGlobals) = postSolution
		SolutionGuid = {AA25A2E1-8715-4A14-8665-E7E06EF4744B}
	EndGlobalSection
EndGlobal
